// !$*UTF8*$!
{
	archiveVersion = 1;
	classes = {
	};
	objectVersion = 46;
	objects = {

/* Begin PBXBuildFile section */
		13353210153D0A4300EB378C /* acpHeadlessChickenApp.cpp in Sources */ = {isa = PBXBuildFile; fileRef = 1335320E153D0A4300EB378C /* acpHeadlessChickenApp.cpp */; };
		138D383A153E55F200621144 /* aIO.framework in Frameworks */ = {isa = PBXBuildFile; fileRef = 138D3835153E55F200621144 /* aIO.framework */; };
		138D383B153E55F200621144 /* aMath.framework in Frameworks */ = {isa = PBXBuildFile; fileRef = 138D3836153E55F200621144 /* aMath.framework */; };
		138D383C153E55F200621144 /* aStem.framework in Frameworks */ = {isa = PBXBuildFile; fileRef = 138D3837153E55F200621144 /* aStem.framework */; };
		138D383D153E55F200621144 /* aUI.framework in Frameworks */ = {isa = PBXBuildFile; fileRef = 138D3838153E55F200621144 /* aUI.framework */; };
		138D383E153E55F200621144 /* aUtil.framework in Frameworks */ = {isa = PBXBuildFile; fileRef = 138D3839153E55F200621144 /* aUtil.framework */; };
		138D3853153E562B00621144 /* acpStemA2D.cpp in Sources */ = {isa = PBXBuildFile; fileRef = 138D3849153E562B00621144 /* acpStemA2D.cpp */; };
		138D3854153E562B00621144 /* acpStemApp.cpp in Sources */ = {isa = PBXBuildFile; fileRef = 138D384B153E562B00621144 /* acpStemApp.cpp */; };
		138D3855153E562B00621144 /* acpStemDIO.cpp in Sources */ = {isa = PBXBuildFile; fileRef = 138D384D153E562B00621144 /* acpStemDIO.cpp */; };
		138D3856153E562B00621144 /* acpStemSuperControl.cpp in Sources */ = {isa = PBXBuildFile; fileRef = 138D384F153E562B00621144 /* acpStemSuperControl.cpp */; };
		138D3857153E562B00621144 /* aStemAppLogo.cpp in Sources */ = {isa = PBXBuildFile; fileRef = 138D3851153E562B00621144 /* aStemAppLogo.cpp */; };
		138D385A153E58AF00621144 /* acpStemServo.cpp in Sources */ = {isa = PBXBuildFile; fileRef = 138D3858153E58AF00621144 /* acpStemServo.cpp */; };
		138D3860153E595600621144 /* aCmd.tea in Resources */ = {isa = PBXBuildFile; fileRef = 138D385F153E595600621144 /* aCmd.tea */; };
		138D3863153E5C4C00621144 /* avc2011Defs.tea in Resources */ = {isa = PBXBuildFile; fileRef = 138D3862153E5C4C00621144 /* avc2011Defs.tea */; };
		F0F7017C1470824000D81195 /* Cocoa.framework in Frameworks */ = {isa = PBXBuildFile; fileRef = F0F7017B1470824000D81195 /* Cocoa.framework */; };
/* End PBXBuildFile section */

/* Begin PBXFileReference section */
		1335320E153D0A4300EB378C /* acpHeadlessChickenApp.cpp */ = {isa = PBXFileReference; fileEncoding = 4; lastKnownFileType = sourcecode.cpp.cpp; path = acpHeadlessChickenApp.cpp; sourceTree = "<group>"; };
		1335320F153D0A4300EB378C /* acpHeadlessChickenApp.h */ = {isa = PBXFileReference; fileEncoding = 4; lastKnownFileType = sourcecode.c.h; path = acpHeadlessChickenApp.h; sourceTree = "<group>"; };
		138D3835153E55F200621144 /* aIO.framework */ = {isa = PBXFileReference; lastKnownFileType = wrapper.framework; name = aIO.framework; path = ../acroname/aBinary/aIO.framework; sourceTree = "<group>"; };
		138D3836153E55F200621144 /* aMath.framework */ = {isa = PBXFileReference; lastKnownFileType = wrapper.framework; name = aMath.framework; path = ../acroname/aBinary/aMath.framework; sourceTree = "<group>"; };
		138D3837153E55F200621144 /* aStem.framework */ = {isa = PBXFileReference; lastKnownFileType = wrapper.framework; name = aStem.framework; path = ../acroname/aBinary/aStem.framework; sourceTree = "<group>"; };
		138D3838153E55F200621144 /* aUI.framework */ = {isa = PBXFileReference; lastKnownFileType = wrapper.framework; name = aUI.framework; path = ../acroname/aBinary/aUI.framework; sourceTree = "<group>"; };
		138D3839153E55F200621144 /* aUtil.framework */ = {isa = PBXFileReference; lastKnownFileType = wrapper.framework; name = aUtil.framework; path = ../acroname/aBinary/aUtil.framework; sourceTree = "<group>"; };
		138D3841153E562100621144 /* a40PinStem.h */ = {isa = PBXFileReference; fileEncoding = 4; lastKnownFileType = sourcecode.c.h; path = a40PinStem.h; sourceTree = "<group>"; };
		138D3842153E562100621144 /* aIO.h */ = {isa = PBXFileReference; fileEncoding = 4; lastKnownFileType = sourcecode.c.h; path = aIO.h; sourceTree = "<group>"; };
		138D3843153E562100621144 /* aMath.h */ = {isa = PBXFileReference; fileEncoding = 4; lastKnownFileType = sourcecode.c.h; path = aMath.h; sourceTree = "<group>"; };
		138D3844153E562100621144 /* aStem.h */ = {isa = PBXFileReference; fileEncoding = 4; lastKnownFileType = sourcecode.c.h; path = aStem.h; sourceTree = "<group>"; };
		138D3845153E562100621144 /* aUI.h */ = {isa = PBXFileReference; fileEncoding = 4; lastKnownFileType = sourcecode.c.h; path = aUI.h; sourceTree = "<group>"; };
		138D3846153E562100621144 /* aUtil.h */ = {isa = PBXFileReference; fileEncoding = 4; lastKnownFileType = sourcecode.c.h; path = aUtil.h; sourceTree = "<group>"; };
		138D3849153E562B00621144 /* acpStemA2D.cpp */ = {isa = PBXFileReference; fileEncoding = 4; lastKnownFileType = sourcecode.cpp.cpp; path = acpStemA2D.cpp; sourceTree = "<group>"; };
		138D384A153E562B00621144 /* acpStemA2D.h */ = {isa = PBXFileReference; fileEncoding = 4; lastKnownFileType = sourcecode.c.h; path = acpStemA2D.h; sourceTree = "<group>"; };
		138D384B153E562B00621144 /* acpStemApp.cpp */ = {isa = PBXFileReference; fileEncoding = 4; lastKnownFileType = sourcecode.cpp.cpp; path = acpStemApp.cpp; sourceTree = "<group>"; };
		138D384C153E562B00621144 /* acpStemApp.h */ = {isa = PBXFileReference; fileEncoding = 4; lastKnownFileType = sourcecode.c.h; path = acpStemApp.h; sourceTree = "<group>"; };
		138D384D153E562B00621144 /* acpStemDIO.cpp */ = {isa = PBXFileReference; fileEncoding = 4; lastKnownFileType = sourcecode.cpp.cpp; path = acpStemDIO.cpp; sourceTree = "<group>"; };
		138D384E153E562B00621144 /* acpStemDIO.h */ = {isa = PBXFileReference; fileEncoding = 4; lastKnownFileType = sourcecode.c.h; path = acpStemDIO.h; sourceTree = "<group>"; };
		138D384F153E562B00621144 /* acpStemSuperControl.cpp */ = {isa = PBXFileReference; fileEncoding = 4; lastKnownFileType = sourcecode.cpp.cpp; path = acpStemSuperControl.cpp; sourceTree = "<group>"; };
		138D3850153E562B00621144 /* acpStemSuperControl.h */ = {isa = PBXFileReference; fileEncoding = 4; lastKnownFileType = sourcecode.c.h; path = acpStemSuperControl.h; sourceTree = "<group>"; };
		138D3851153E562B00621144 /* aStemAppLogo.cpp */ = {isa = PBXFileReference; fileEncoding = 4; lastKnownFileType = sourcecode.cpp.cpp; path = aStemAppLogo.cpp; sourceTree = "<group>"; };
		138D3852153E562B00621144 /* aVersion.h */ = {isa = PBXFileReference; fileEncoding = 4; lastKnownFileType = sourcecode.c.h; path = aVersion.h; sourceTree = "<group>"; };
		138D3858153E58AF00621144 /* acpStemServo.cpp */ = {isa = PBXFileReference; fileEncoding = 4; lastKnownFileType = sourcecode.cpp.cpp; path = acpStemServo.cpp; sourceTree = "<group>"; };
		138D3859153E58AF00621144 /* acpStemServo.h */ = {isa = PBXFileReference; fileEncoding = 4; lastKnownFileType = sourcecode.c.h; path = acpStemServo.h; sourceTree = "<group>"; };
		138D385F153E595600621144 /* aCmd.tea */ = {isa = PBXFileReference; fileEncoding = 4; lastKnownFileType = text; path = aCmd.tea; sourceTree = "<group>"; };
		138D3861153E5B5F00621144 /* avc2011.h */ = {isa = PBXFileReference; fileEncoding = 4; lastKnownFileType = sourcecode.c.h; name = avc2011.h; path = ../planner/avc2011.h; sourceTree = "<group>"; };
		138D3862153E5C4C00621144 /* avc2011Defs.tea */ = {isa = PBXFileReference; fileEncoding = 4; lastKnownFileType = text; name = avc2011Defs.tea; path = ../acroname/aUser/avc2011Defs.tea; sourceTree = "<group>"; };
		F0F7017B1470824000D81195 /* Cocoa.framework */ = {isa = PBXFileReference; lastKnownFileType = wrapper.framework; name = Cocoa.framework; path = System/Library/Frameworks/Cocoa.framework; sourceTree = SDKROOT; };
/* End PBXFileReference section */

/* Begin PBXFrameworksBuildPhase section */
		F0F701741470824000D81195 /* Frameworks */ = {
			isa = PBXFrameworksBuildPhase;
			buildActionMask = 2147483647;
			files = (
				F0F7017C1470824000D81195 /* Cocoa.framework in Frameworks */,
				138D383A153E55F200621144 /* aIO.framework in Frameworks */,
				138D383B153E55F200621144 /* aMath.framework in Frameworks */,
				138D383C153E55F200621144 /* aStem.framework in Frameworks */,
				138D383D153E55F200621144 /* aUI.framework in Frameworks */,
				138D383E153E55F200621144 /* aUtil.framework in Frameworks */,
			);
			runOnlyForDeploymentPostprocessing = 0;
		};
/* End PBXFrameworksBuildPhase section */

/* Begin PBXGroup section */
		138D383F153E561000621144 /* acroname */ = {
			isa = PBXGroup;
			children = (
				138D385E153E595600621144 /* aSystem */,
				138D3847153E562B00621144 /* aSource */,
				138D3840153E562100621144 /* aInclude */,
			);
			name = acroname;
			sourceTree = "<group>";
		};
		138D3840153E562100621144 /* aInclude */ = {
			isa = PBXGroup;
			children = (
				138D3841153E562100621144 /* a40PinStem.h */,
				138D3842153E562100621144 /* aIO.h */,
				138D3843153E562100621144 /* aMath.h */,
				138D3844153E562100621144 /* aStem.h */,
				138D3845153E562100621144 /* aUI.h */,
				138D3846153E562100621144 /* aUtil.h */,
			);
			name = aInclude;
			path = ../acroname/aInclude;
			sourceTree = "<group>";
		};
		138D3847153E562B00621144 /* aSource */ = {
			isa = PBXGroup;
			children = (
				138D3848153E562B00621144 /* aCommon */,
			);
			name = aSource;
			path = ../acroname/aSource;
			sourceTree = "<group>";
		};
		138D3848153E562B00621144 /* aCommon */ = {
			isa = PBXGroup;
			children = (
				138D3849153E562B00621144 /* acpStemA2D.cpp */,
				138D384A153E562B00621144 /* acpStemA2D.h */,
				138D384B153E562B00621144 /* acpStemApp.cpp */,
				138D384C153E562B00621144 /* acpStemApp.h */,
				138D384D153E562B00621144 /* acpStemDIO.cpp */,
				138D384E153E562B00621144 /* acpStemDIO.h */,
				138D3858153E58AF00621144 /* acpStemServo.cpp */,
				138D3859153E58AF00621144 /* acpStemServo.h */,
				138D384F153E562B00621144 /* acpStemSuperControl.cpp */,
				138D3850153E562B00621144 /* acpStemSuperControl.h */,
				138D3851153E562B00621144 /* aStemAppLogo.cpp */,
				138D3852153E562B00621144 /* aVersion.h */,
			);
			path = aCommon;
			sourceTree = "<group>";
		};
		138D385E153E595600621144 /* aSystem */ = {
			isa = PBXGroup;
			children = (
				138D385F153E595600621144 /* aCmd.tea */,
			);
			name = aSystem;
			path = ../acroname/aSystem;
			sourceTree = "<group>";
		};
		F0F7016014707FD100D81195 = {
			isa = PBXGroup;
			children = (
				1335320E153D0A4300EB378C /* acpHeadlessChickenApp.cpp */,
				1335320F153D0A4300EB378C /* acpHeadlessChickenApp.h */,
				138D3861153E5B5F00621144 /* avc2011.h */,
				138D3862153E5C4C00621144 /* avc2011Defs.tea */,
				138D383F153E561000621144 /* acroname */,
				F0F7017A1470824000D81195 /* Frameworks */,
				F0F701781470824000D81195 /* Products */,
			);
			sourceTree = "<group>";
		};
		F0F701781470824000D81195 /* Products */ = {
			isa = PBXGroup;
			children = (
			);
			name = Products;
			sourceTree = "<group>";
		};
		F0F7017A1470824000D81195 /* Frameworks */ = {
			isa = PBXGroup;
			children = (
				138D3835153E55F200621144 /* aIO.framework */,
				138D3836153E55F200621144 /* aMath.framework */,
				138D3837153E55F200621144 /* aStem.framework */,
				138D3838153E55F200621144 /* aUI.framework */,
				138D3839153E55F200621144 /* aUtil.framework */,
				F0F7017B1470824000D81195 /* Cocoa.framework */,
			);
			name = Frameworks;
			sourceTree = "<group>";
		};
/* End PBXGroup section */

/* Begin PBXNativeTarget section */
		F0F701761470824000D81195 /* aHeadlessChickenApp */ = {
			isa = PBXNativeTarget;
			buildConfigurationList = F0F701931470824000D81195 /* Build configuration list for PBXNativeTarget "aHeadlessChickenApp" */;
			buildPhases = (
				F0F701731470824000D81195 /* Sources */,
				F0F701741470824000D81195 /* Frameworks */,
				F0F701751470824000D81195 /* Resources */,
			);
			buildRules = (
			);
			dependencies = (
			);
			name = aHeadlessChickenApp;
			productName = aHeadlessChickenApp;
			productType = "com.apple.product-type.application";
		};
/* End PBXNativeTarget section */

/* Begin PBXProject section */
		F0F7016214707FD100D81195 /* Project object */ = {
			isa = PBXProject;
			attributes = {
				LastUpgradeCheck = 0420;
				ORGANIZATIONNAME = "Acroname Inc.";
			};
			buildConfigurationList = F0F7016514707FD100D81195 /* Build configuration list for PBXProject "macx_aHeadlessChickenApp" */;
			compatibilityVersion = "Xcode 3.2";
			developmentRegion = English;
			hasScannedForEncodings = 0;
			knownRegions = (
				en,
			);
			mainGroup = F0F7016014707FD100D81195;
			productRefGroup = F0F701781470824000D81195 /* Products */;
			projectDirPath = "";
			projectRoot = "";
			targets = (
				F0F701761470824000D81195 /* aHeadlessChickenApp */,
			);
		};
/* End PBXProject section */

/* Begin PBXResourcesBuildPhase section */
		F0F701751470824000D81195 /* Resources */ = {
			isa = PBXResourcesBuildPhase;
			buildActionMask = 2147483647;
			files = (
				138D3860153E595600621144 /* aCmd.tea in Resources */,
				138D3863153E5C4C00621144 /* avc2011Defs.tea in Resources */,
			);
			runOnlyForDeploymentPostprocessing = 0;
		};
/* End PBXResourcesBuildPhase section */

/* Begin PBXSourcesBuildPhase section */
		F0F701731470824000D81195 /* Sources */ = {
			isa = PBXSourcesBuildPhase;
			buildActionMask = 2147483647;
			files = (
				13353210153D0A4300EB378C /* acpHeadlessChickenApp.cpp in Sources */,
				138D3853153E562B00621144 /* acpStemA2D.cpp in Sources */,
				138D3854153E562B00621144 /* acpStemApp.cpp in Sources */,
				138D3855153E562B00621144 /* acpStemDIO.cpp in Sources */,
				138D3856153E562B00621144 /* acpStemSuperControl.cpp in Sources */,
				138D3857153E562B00621144 /* aStemAppLogo.cpp in Sources */,
				138D385A153E58AF00621144 /* acpStemServo.cpp in Sources */,
			);
			runOnlyForDeploymentPostprocessing = 0;
		};
/* End PBXSourcesBuildPhase section */

/* Begin XCBuildConfiguration section */
		F0F7016814707FD100D81195 /* aBinary */ = {
			isa = XCBuildConfiguration;
			buildSettings = {
				ARCHS = "$(ARCHS_STANDARD_32_64_BIT)";
				CLANG_WARN_IMPLICIT_SIGN_CONVERSION = YES;
				FRAMEWORK_SEARCH_PATHS = ../../acroname/aBinary;
				GCC_OPTIMIZATION_LEVEL = s;
				GCC_TREAT_IMPLICIT_FUNCTION_DECLARATIONS_AS_ERRORS = YES;
				GCC_TREAT_WARNINGS_AS_ERRORS = YES;
				GCC_WARN_64_TO_32_BIT_CONVERSION = YES;
				GCC_WARN_ABOUT_MISSING_FIELD_INITIALIZERS = YES;
				GCC_WARN_ABOUT_MISSING_NEWLINE = YES;
				GCC_WARN_ABOUT_MISSING_PROTOTYPES = YES;
				GCC_WARN_ABOUT_RETURN_TYPE = YES;
				GCC_WARN_FOUR_CHARACTER_CONSTANTS = YES;
				GCC_WARN_HIDDEN_VIRTUAL_FUNCTIONS = YES;
				GCC_WARN_INITIALIZER_NOT_FULLY_BRACKETED = YES;
				GCC_WARN_MULTIPLE_DEFINITION_TYPES_FOR_SELECTOR = YES;
				GCC_WARN_NON_VIRTUAL_DESTRUCTOR = YES;
				GCC_WARN_SHADOW = YES;
				GCC_WARN_SIGN_COMPARE = YES;
				GCC_WARN_STRICT_SELECTOR_MATCH = YES;
				GCC_WARN_UNDECLARED_SELECTOR = YES;
				GCC_WARN_UNINITIALIZED_AUTOS = YES;
				GCC_WARN_UNKNOWN_PRAGMAS = YES;
				GCC_WARN_UNUSED_FUNCTION = YES;
				GCC_WARN_UNUSED_LABEL = YES;
				GCC_WARN_UNUSED_VARIABLE = YES;
				HEADER_SEARCH_PATHS = (
					../../acroname/aInclude,
					../../acroname/aSource,
					../../acroname/aSource/aCommon,
				);
				LD_RUNPATH_SEARCH_PATHS = "@loader_path/../../..";
				OTHER_CFLAGS = (
					"-D",
					aUNIX,
					"-D",
					aMACX,
				);
				SDKROOT = macosx10.6;
				SHARED_PRECOMPS_DIR = ../../acroname/aBinary;
				SYMROOT = ../../acroname;
			};
			name = aBinary;
		};
		F0F701951470824000D81195 /* aBinary */ = {
			isa = XCBuildConfiguration;
			buildSettings = {
				ALWAYS_SEARCH_USER_PATHS = NO;
				COPY_PHASE_STRIP = YES;
				DEBUG_INFORMATION_FORMAT = dwarf;
				FRAMEWORK_SEARCH_PATHS = (
					../acroname/aBinary,
					"\"$(SRCROOT)/../acroname/aBinary\"",
				);
				GCC_C_LANGUAGE_STANDARD = gnu99;
				GCC_ENABLE_OBJC_EXCEPTIONS = YES;
				GCC_WARN_64_TO_32_BIT_CONVERSION = YES;
				GCC_WARN_ABOUT_MISSING_PROTOTYPES = YES;
				GCC_WARN_ABOUT_RETURN_TYPE = YES;
				GCC_WARN_UNUSED_VARIABLE = YES;
				HEADER_SEARCH_PATHS = (
					../acroname/aInclude,
					../acroname/aSource,
					../acroname/aSource/aCommon,
					../acroname/aSystem,
					../planner,
					../acroname/aUser,
				);
				PRODUCT_NAME = "$(TARGET_NAME)";
				SHARED_PRECOMPS_DIR = ../acroname/aBinary;
				SYMROOT = ../acroname;
				WRAPPER_EXTENSION = app;
			};
			name = aBinary;
		};
/* End XCBuildConfiguration section */

/* Begin XCConfigurationList section */
		F0F7016514707FD100D81195 /* Build configuration list for PBXProject "macx_aHeadlessChickenApp" */ = {
			isa = XCConfigurationList;
			buildConfigurations = (
				F0F7016814707FD100D81195 /* aBinary */,
			);
			defaultConfigurationIsVisible = 0;
			defaultConfigurationName = aBinary;
		};
		F0F701931470824000D81195 /* Build configuration list for PBXNativeTarget "aHeadlessChickenApp" */ = {
			isa = XCConfigurationList;
			buildConfigurations = (
				F0F701951470824000D81195 /* aBinary */,
			);
			defaultConfigurationIsVisible = 0;
			defaultConfigurationName = aBinary;
		};
/* End XCConfigurationList section */
	};
	rootObject = F0F7016214707FD100D81195 /* Project object */;
}
